
Microsoft Visual Studio Solution File, Format Version 12.00
# Visual Studio Version 17
VisualStudioVersion = 17.9.34728.123
MinimumVisualStudioVersion = 10.0.40219.1
Project("{9A19103F-16F7-4668-BE54-9A1E7A4F7556}") = "SendEMailDesign", "SendEMailDesign\SendEMailDesign.csproj", "{0124AC24-BFA9-4782-8853-EB488AD9A9C0}"
EndProject
Project("{2150E333-8FDC-42A3-9474-1A3956D46DE8}") = "Infrastructur", "Infrastructur", "{9BC6B1EB-23C9-4158-B372-E75DE58AAB92}"
EndProject
Project("{FAE04EC0-301F-11D3-BF4B-00C04F79EFBC}") = "SendEMail.Infrastructur", "Infrastructur\SendEMail.Infrastructur\SendEMail.Infrastructur.csproj", "{F7C1D872-E6B8-4DE9-A4EE-ED312ACF5608}"
EndProject
Global
	GlobalSection(SolutionConfigurationPlatforms) = preSolution
		Debug|Any CPU = Debug|Any CPU
		Release|Any CPU = Release|Any CPU
	EndGlobalSection
	GlobalSection(ProjectConfigurationPlatforms) = postSolution
		{0124AC24-BFA9-4782-8853-EB488AD9A9C0}.Debug|Any CPU.ActiveCfg = Debug|Any CPU
		{0124AC24-BFA9-4782-8853-EB488AD9A9C0}.Debug|Any CPU.Build.0 = Debug|Any CPU
		{0124AC24-BFA9-4782-8853-EB488AD9A9C0}.Release|Any CPU.ActiveCfg = Release|Any CPU
		{0124AC24-BFA9-4782-8853-EB488AD9A9C0}.Release|Any CPU.Build.0 = Release|Any CPU
		{F7C1D872-E6B8-4DE9-A4EE-ED312ACF5608}.Debug|Any CPU.ActiveCfg = Debug|Any CPU
		{F7C1D872-E6B8-4DE9-A4EE-ED312ACF5608}.Debug|Any CPU.Build.0 = Debug|Any CPU
		{F7C1D872-E6B8-4DE9-A4EE-ED312ACF5608}.Release|Any CPU.ActiveCfg = Release|Any CPU
		{F7C1D872-E6B8-4DE9-A4EE-ED312ACF5608}.Release|Any CPU.Build.0 = Release|Any CPU
	EndGlobalSection
	GlobalSection(SolutionProperties) = preSolution
		HideSolutionNode = FALSE
	EndGlobalSection
	GlobalSection(NestedProjects) = preSolution
		{F7C1D872-E6B8-4DE9-A4EE-ED312ACF5608} = {9BC6B1EB-23C9-4158-B372-E75DE58AAB92}
	EndGlobalSection
	GlobalSection(ExtensibilityGlobals) = postSolution
		SolutionGuid = {49B8EE64-0EA6-423C-AD3D-574B00C485AD}
	EndGlobalSection
EndGlobal
